
Microsoft Visual Studio Solution File, Format Version 12.00
# Visual Studio 15
VisualStudioVersion = 15.0.28307.757
MinimumVisualStudioVersion = 10.0.40219.1
Project("{9A19103F-16F7-4668-BE54-9A1E7A4F7556}") = "OdeToFood", "OdeToFood\OdeToFood.csproj", "{F3644708-6EC7-4F79-AB74-C6B38B796ABB}"
EndProject
Project("{9A19103F-16F7-4668-BE54-9A1E7A4F7556}") = "OdeToFood.Core", "OdeToFood.Core\OdeToFood.Core.csproj", "{36E182CE-00D2-4FC8-8D64-E8E54CCAA692}"
EndProject
Project("{9A19103F-16F7-4668-BE54-9A1E7A4F7556}") = "OdeToFood.Data", "OdeToFood.Data\OdeToFood.Data.csproj", "{3C0977E9-9B1B-4DCB-B1B7-2668959355A2}"
EndProject
Global
	GlobalSection(SolutionConfigurationPlatforms) = preSolution
		Debug|Any CPU = Debug|Any CPU
		Release|Any CPU = Release|Any CPU
	EndGlobalSection
	GlobalSection(ProjectConfigurationPlatforms) = postSolution
		{F3644708-6EC7-4F79-AB74-C6B38B796ABB}.Debug|Any CPU.ActiveCfg = Debug|Any CPU
		{F3644708-6EC7-4F79-AB74-C6B38B796ABB}.Debug|Any CPU.Build.0 = Debug|Any CPU
		{F3644708-6EC7-4F79-AB74-C6B38B796ABB}.Release|Any CPU.ActiveCfg = Release|Any CPU
		{F3644708-6EC7-4F79-AB74-C6B38B796ABB}.Release|Any CPU.Build.0 = Release|Any CPU
		{36E182CE-00D2-4FC8-8D64-E8E54CCAA692}.Debug|Any CPU.ActiveCfg = Debug|Any CPU
		{36E182CE-00D2-4FC8-8D64-E8E54CCAA692}.Debug|Any CPU.Build.0 = Debug|Any CPU
		{36E182CE-00D2-4FC8-8D64-E8E54CCAA692}.Release|Any CPU.ActiveCfg = Release|Any CPU
		{36E182CE-00D2-4FC8-8D64-E8E54CCAA692}.Release|Any CPU.Build.0 = Release|Any CPU
		{3C0977E9-9B1B-4DCB-B1B7-2668959355A2}.Debug|Any CPU.ActiveCfg = Debug|Any CPU
		{3C0977E9-9B1B-4DCB-B1B7-2668959355A2}.Debug|Any CPU.Build.0 = Debug|Any CPU
		{3C0977E9-9B1B-4DCB-B1B7-2668959355A2}.Release|Any CPU.ActiveCfg = Release|Any CPU
		{3C0977E9-9B1B-4DCB-B1B7-2668959355A2}.Release|Any CPU.Build.0 = Release|Any CPU
	EndGlobalSection
	GlobalSection(SolutionProperties) = preSolution
		HideSolutionNode = FALSE
	EndGlobalSection
	GlobalSection(ExtensibilityGlobals) = postSolution
		SolutionGuid = {98E32470-D965-4610-AE03-62BE0D44F38E}
	EndGlobalSection
EndGlobal
